<?xml version="1.0" encoding="utf-8"?>
<Project ToolsVersion="4.0" xmlns="http://schemas.microsoft.com/developer/msbuild/2003">
  <ItemGroup>
    <Filter Include="Source Files">
      <UniqueIdentifier>{4FC737F1-C7A5-4376-A066-2A32D752A2FF}</UniqueIdentifier>
      <Extensions>cpp;c;cc;cxx;def;odl;idl;hpj;bat;asm;asmx</Extensions>
    </Filter>
    <Filter Include="Header Files">
      <UniqueIdentifier>{93995380-89BD-4b04-88EB-625FBE52EBFB}</UniqueIdentifier>
      <Extensions>h;hh;hpp;hxx;hm;inl;inc;xsd</Extensions>
    </Filter>
    <Filter Include="Resource Files">
      <UniqueIdentifier>{67DA6AB6-F800-4c08-8B7A-83BB121AAD01}</UniqueIdentifier>
      <Extensions>rc;ico;cur;bmp;dlg;rc2;rct;bin;rgs;gif;jpg;jpeg;jpe;resx;tiff;tif;png;wav;mfcribbon-ms</Extensions>
    </Filter>
    <Filter Include="Problems">
      <UniqueIdentifier>{60a5897f-3dbd-4794-a7d3-648b23721a81}</UniqueIdentifier>
    </Filter>
    <Filter Include="Problems\ProducerConsumer">
      <UniqueIdentifier>{64c6f152-cb76-49a8-9775-35fb2365607b}</UniqueIdentifier>
    </Filter>
    <Filter Include="Problems\MutexImplementedUsingSemaphore">
      <UniqueIdentifier>{cfd2d55e-0f8d-4b39-b82b-b9721b0c6572}</UniqueIdentifier>
    </Filter>
    <Filter Include="Problems\SemaphoreImplementedUsingAtomic">
      <UniqueIdentifier>{195649b0-d83b-4a31-bcdb-299defc3cac4}</UniqueIdentifier>
    </Filter>
    <Filter Include="Problems\EfficientLogging">
      <UniqueIdentifier>{480e000c-b03d-47c2-b65f-f3317cbaed5e}</UniqueIdentifier>
    </Filter>
    <Filter Include="Problems\TwoThreadPrintingNatrualNumbers">
      <UniqueIdentifier>{c9fe25a7-87b4-47d7-b5bb-45204123b77f}</UniqueIdentifier>
    </Filter>
  </ItemGroup>
  <ItemGroup>
    <ClInclude Include="stdafx.h">
      <Filter>Header Files</Filter>
    </ClInclude>
    <ClInclude Include="targetver.h">
      <Filter>Header Files</Filter>
    </ClInclude>
    <ClInclude Include="..\..\ProducerConsumer\producerconsumer_wade.h">
      <Filter>Problems\ProducerConsumer</Filter>
    </ClInclude>
    <ClInclude Include="..\..\MutexImplementedUsingSemaphore\muteximplementedusingsemaphore_wade.h">
      <Filter>Problems\MutexImplementedUsingSemaphore</Filter>
    </ClInclude>
    <ClInclude Include="..\..\SemaphoreImplementedUsingAtomic\sempaphoreimplementedusingatomic.h">
      <Filter>Problems\SemaphoreImplementedUsingAtomic</Filter>
    </ClInclude>
    <ClInclude Include="..\..\SemaphoreImplementedUsingAtomic\sempaphoreimplementedusingatomic_test.h">
      <Filter>Problems\SemaphoreImplementedUsingAtomic</Filter>
    </ClInclude>
    <ClInclude Include="..\..\EfficientLogging\efficientloggingclass_test.h">
      <Filter>Problems\EfficientLogging</Filter>
    </ClInclude>
    <ClInclude Include="..\..\EfficientLogging\efficientloggingclass_wade.h">
      <Filter>Problems\EfficientLogging</Filter>
    </ClInclude>
    <ClInclude Include="..\..\EfficientLogging\efficientlogging_lockfree_wade.h">
      <Filter>Problems\EfficientLogging</Filter>
    </ClInclude>
    <ClInclude Include="..\..\TwoThreadsPrintingNaturalNumbers\twothreadsprintingnaturalnumbers_wade_conditionvariable.h">
      <Filter>Problems\TwoThreadPrintingNatrualNumbers</Filter>
    </ClInclude>
  </ItemGroup>
  <ItemGroup>
    <ClCompile Include="stdafx.cpp">
      <Filter>Source Files</Filter>
    </ClCompile>
    <ClCompile Include="WindowsCppTester.cpp">
      <Filter>Source Files</Filter>
    </ClCompile>
  </ItemGroup>
  <ItemGroup>
    <None Include="..\..\README.md" />
  </ItemGroup>
</Project>